
Microsoft Visual Studio Solution File, Format Version 12.00
# Visual Studio Version 17
VisualStudioVersion = 17.6.33829.357
MinimumVisualStudioVersion = 10.0.40219.1
Project("{FAE04EC0-301F-11D3-BF4B-00C04F79EFBC}") = "FactoryMethod", "FactoryMethod\FactoryMethod.csproj", "{8BEC2EE3-59DD-49EB-A36B-334EF17BA19A}"
EndProject
Project("{FAE04EC0-301F-11D3-BF4B-00C04F79EFBC}") = "AbstractFactory", "AbstractFactory\AbstractFactory.csproj", "{34C2DCE1-0AB6-49E7-B183-8AC9AAD8CDC0}"
EndProject
Project("{FAE04EC0-301F-11D3-BF4B-00C04F79EFBC}") = "Builder", "Builder\Builder.csproj", "{AF9791FC-B057-45C3-9EB6-3A4175559803}"
EndProject
Global
	GlobalSection(SolutionConfigurationPlatforms) = preSolution
		Debug|Any CPU = Debug|Any CPU
		Release|Any CPU = Release|Any CPU
	EndGlobalSection
	GlobalSection(ProjectConfigurationPlatforms) = postSolution
		{8BEC2EE3-59DD-49EB-A36B-334EF17BA19A}.Debug|Any CPU.ActiveCfg = Debug|Any CPU
		{8BEC2EE3-59DD-49EB-A36B-334EF17BA19A}.Debug|Any CPU.Build.0 = Debug|Any CPU
		{8BEC2EE3-59DD-49EB-A36B-334EF17BA19A}.Release|Any CPU.ActiveCfg = Release|Any CPU
		{8BEC2EE3-59DD-49EB-A36B-334EF17BA19A}.Release|Any CPU.Build.0 = Release|Any CPU
		{34C2DCE1-0AB6-49E7-B183-8AC9AAD8CDC0}.Debug|Any CPU.ActiveCfg = Debug|Any CPU
		{34C2DCE1-0AB6-49E7-B183-8AC9AAD8CDC0}.Debug|Any CPU.Build.0 = Debug|Any CPU
		{34C2DCE1-0AB6-49E7-B183-8AC9AAD8CDC0}.Release|Any CPU.ActiveCfg = Release|Any CPU
		{34C2DCE1-0AB6-49E7-B183-8AC9AAD8CDC0}.Release|Any CPU.Build.0 = Release|Any CPU
		{AF9791FC-B057-45C3-9EB6-3A4175559803}.Debug|Any CPU.ActiveCfg = Debug|Any CPU
		{AF9791FC-B057-45C3-9EB6-3A4175559803}.Debug|Any CPU.Build.0 = Debug|Any CPU
		{AF9791FC-B057-45C3-9EB6-3A4175559803}.Release|Any CPU.ActiveCfg = Release|Any CPU
		{AF9791FC-B057-45C3-9EB6-3A4175559803}.Release|Any CPU.Build.0 = Release|Any CPU
	EndGlobalSection
	GlobalSection(SolutionProperties) = preSolution
		HideSolutionNode = FALSE
	EndGlobalSection
	GlobalSection(ExtensibilityGlobals) = postSolution
		SolutionGuid = {2C3B9C2B-5DAF-4A5C-AD1B-3A299B1F05C8}
	EndGlobalSection
EndGlobal
